// !$*UTF8*$!
{
	archiveVersion = 1;
	classes = {
	};
	objectVersion = 46;
	objects = {

/* Begin PBXBuildFile section */
		0A1FB2C71F4415A80041AC10 /* main.m in Sources */ = {isa = PBXBuildFile; fileRef = 0A1FB2C61F4415A80041AC10 /* main.m */; };
		0A1FB2CA1F4415A80041AC10 /* AppDelegate.m in Sources */ = {isa = PBXBuildFile; fileRef = 0A1FB2C91F4415A80041AC10 /* AppDelegate.m */; };
		0A1FB2CD1F4415A80041AC10 /* ViewController.m in Sources */ = {isa = PBXBuildFile; fileRef = 0A1FB2CC1F4415A80041AC10 /* ViewController.m */; };
		0A1FB2D01F4415A80041AC10 /* Main.storyboard in Resources */ = {isa = PBXBuildFile; fileRef = 0A1FB2CE1F4415A80041AC10 /* Main.storyboard */; };
		0A1FB2D21F4415A80041AC10 /* Assets.xcassets in Resources */ = {isa = PBXBuildFile; fileRef = 0A1FB2D11F4415A80041AC10 /* Assets.xcassets */; };
		0A1FB2D51F4415A80041AC10 /* LaunchScreen.storyboard in Resources */ = {isa = PBXBuildFile; fileRef = 0A1FB2D31F4415A80041AC10 /* LaunchScreen.storyboard */; };
		0A1FB2E01F4415A80041AC10 /* SuperCardTests.m in Sources */ = {isa = PBXBuildFile; fileRef = 0A1FB2DF1F4415A80041AC10 /* SuperCardTests.m */; };
		0A1FB2EB1F4415A80041AC10 /* SuperCardUITests.m in Sources */ = {isa = PBXBuildFile; fileRef = 0A1FB2EA1F4415A80041AC10 /* SuperCardUITests.m */; };
/* End PBXBuildFile section */

/* Begin PBXContainerItemProxy section */
		0A1FB2DC1F4415A80041AC10 /* PBXContainerItemProxy */ = {
			isa = PBXContainerItemProxy;
			containerPortal = 0A1FB2BA1F4415A80041AC10 /* Project object */;
			proxyType = 1;
			remoteGlobalIDString = 0A1FB2C11F4415A80041AC10;
			remoteInfo = SuperCard;
		};
		0A1FB2E71F4415A80041AC10 /* PBXContainerItemProxy */ = {
			isa = PBXContainerItemProxy;
			containerPortal = 0A1FB2BA1F4415A80041AC10 /* Project object */;
			proxyType = 1;
			remoteGlobalIDString = 0A1FB2C11F4415A80041AC10;
			remoteInfo = SuperCard;
		};
/* End PBXContainerItemProxy section */

/* Begin PBXFileReference section */
		0A1FB2C21F4415A80041AC10 /* SuperCard.app */ = {isa = PBXFileReference; explicitFileType = wrapper.application; includeInIndex = 0; path = SuperCard.app; sourceTree = BUILT_PRODUCTS_DIR; };
		0A1FB2C61F4415A80041AC10 /* main.m */ = {isa = PBXFileReference; lastKnownFileType = sourcecode.c.objc; path = main.m; sourceTree = "<group>"; };
		0A1FB2C81F4415A80041AC10 /* AppDelegate.h */ = {isa = PBXFileReference; lastKnownFileType = sourcecode.c.h; path = AppDelegate.h; sourceTree = "<group>"; };
		0A1FB2C91F4415A80041AC10 /* AppDelegate.m */ = {isa = PBXFileReference; lastKnownFileType = sourcecode.c.objc; path = AppDelegate.m; sourceTree = "<group>"; };
		0A1FB2CB1F4415A80041AC10 /* ViewController.h */ = {isa = PBXFileReference; lastKnownFileType = sourcecode.c.h; path = ViewController.h; sourceTree = "<group>"; };
		0A1FB2CC1F4415A80041AC10 /* ViewController.m */ = {isa = PBXFileReference; lastKnownFileType = sourcecode.c.objc; path = ViewController.m; sourceTree = "<group>"; };
		0A1FB2CF1F4415A80041AC10 /* Base */ = {isa = PBXFileReference; lastKnownFileType = file.storyboard; name = Base; path = Base.lproj/Main.storyboard; sourceTree = "<group>"; };
		0A1FB2D11F4415A80041AC10 /* Assets.xcassets */ = {isa = PBXFileReference; lastKnownFileType = folder.assetcatalog; path = Assets.xcassets; sourceTree = "<group>"; };
		0A1FB2D41F4415A80041AC10 /* Base */ = {isa = PBXFileReference; lastKnownFileType = file.storyboard; name = Base; path = Base.lproj/LaunchScreen.storyboard; sourceTree = "<group>"; };
		0A1FB2D61F4415A80041AC10 /* Info.plist */ = {isa = PBXFileReference; lastKnownFileType = text.plist.xml; path = Info.plist; sourceTree = "<group>"; };
		0A1FB2DB1F4415A80041AC10 /* SuperCardTests.xctest */ = {isa = PBXFileReference; explicitFileType = wrapper.cfbundle; includeInIndex = 0; path = SuperCardTests.xctest; sourceTree = BUILT_PRODUCTS_DIR; };
		0A1FB2DF1F4415A80041AC10 /* SuperCardTests.m */ = {isa = PBXFileReference; lastKnownFileType = sourcecode.c.objc; path = SuperCardTests.m; sourceTree = "<group>"; };
		0A1FB2E11F4415A80041AC10 /* Info.plist */ = {isa = PBXFileReference; lastKnownFileType = text.plist.xml; path = Info.plist; sourceTree = "<group>"; };
		0A1FB2E61F4415A80041AC10 /* SuperCardUITests.xctest */ = {isa = PBXFileReference; explicitFileType = wrapper.cfbundle; includeInIndex = 0; path = SuperCardUITests.xctest; sourceTree = BUILT_PRODUCTS_DIR; };
		0A1FB2EA1F4415A80041AC10 /* SuperCardUITests.m */ = {isa = PBXFileReference; lastKnownFileType = sourcecode.c.objc; path = SuperCardUITests.m; sourceTree = "<group>"; };
		0A1FB2EC1F4415A80041AC10 /* Info.plist */ = {isa = PBXFileReference; lastKnownFileType = text.plist.xml; path = Info.plist; sourceTree = "<group>"; };
/* End PBXFileReference section */

/* Begin PBXFrameworksBuildPhase section */
		0A1FB2BF1F4415A80041AC10 /* Frameworks */ = {
			isa = PBXFrameworksBuildPhase;
			buildActionMask = 2147483647;
			files = (
			);
			runOnlyForDeploymentPostprocessing = 0;
		};
		0A1FB2D81F4415A80041AC10 /* Frameworks */ = {
			isa = PBXFrameworksBuildPhase;
			buildActionMask = 2147483647;
			files = (
			);
			runOnlyForDeploymentPostprocessing = 0;
		};
		0A1FB2E31F4415A80041AC10 /* Frameworks */ = {
			isa = PBXFrameworksBuildPhase;
			buildActionMask = 2147483647;
			files = (
			);
			runOnlyForDeploymentPostprocessing = 0;
		};
/* End PBXFrameworksBuildPhase section */

/* Begin PBXGroup section */
		0A1FB2B91F4415A80041AC10 = {
			isa = PBXGroup;
			children = (
				0A1FB2C41F4415A80041AC10 /* SuperCard */,
				0A1FB2DE1F4415A80041AC10 /* SuperCardTests */,
				0A1FB2E91F4415A80041AC10 /* SuperCardUITests */,
				0A1FB2C31F4415A80041AC10 /* Products */,
			);
			sourceTree = "<group>";
		};
		0A1FB2C31F4415A80041AC10 /* Products */ = {
			isa = PBXGroup;
			children = (
				0A1FB2C21F4415A80041AC10 /* SuperCard.app */,
				0A1FB2DB1F4415A80041AC10 /* SuperCardTests.xctest */,
				0A1FB2E61F4415A80041AC10 /* SuperCardUITests.xctest */,
			);
			name = Products;
			sourceTree = "<group>";
		};
		0A1FB2C41F4415A80041AC10 /* SuperCard */ = {
			isa = PBXGroup;
			children = (
				0A1FB2C81F4415A80041AC10 /* AppDelegate.h */,
				0A1FB2C91F4415A80041AC10 /* AppDelegate.m */,
				0A1FB2CB1F4415A80041AC10 /* ViewController.h */,
				0A1FB2CC1F4415A80041AC10 /* ViewController.m */,
				0A1FB2CE1F4415A80041AC10 /* Main.storyboard */,
				0A1FB2D11F4415A80041AC10 /* Assets.xcassets */,
				0A1FB2D31F4415A80041AC10 /* LaunchScreen.storyboard */,
				0A1FB2D61F4415A80041AC10 /* Info.plist */,
				0A1FB2C51F4415A80041AC10 /* Supporting Files */,
			);
			path = SuperCard;
			sourceTree = "<group>";
		};
		0A1FB2C51F4415A80041AC10 /* Supporting Files */ = {
			isa = PBXGroup;
			children = (
				0A1FB2C61F4415A80041AC10 /* main.m */,
			);
			name = "Supporting Files";
			sourceTree = "<group>";
		};
		0A1FB2DE1F4415A80041AC10 /* SuperCardTests */ = {
			isa = PBXGroup;
			children = (
				0A1FB2DF1F4415A80041AC10 /* SuperCardTests.m */,
				0A1FB2E11F4415A80041AC10 /* Info.plist */,
			);
			path = SuperCardTests;
			sourceTree = "<group>";
		};
		0A1FB2E91F4415A80041AC10 /* SuperCardUITests */ = {
			isa = PBXGroup;
			children = (
				0A1FB2EA1F4415A80041AC10 /* SuperCardUITests.m */,
				0A1FB2EC1F4415A80041AC10 /* Info.plist */,
			);
			path = SuperCardUITests;
			sourceTree = "<group>";
		};
/* End PBXGroup section */

/* Begin PBXNativeTarget section */
		0A1FB2C11F4415A80041AC10 /* SuperCard */ = {
			isa = PBXNativeTarget;
			buildConfigurationList = 0A1FB2EF1F4415A80041AC10 /* Build configuration list for PBXNativeTarget "SuperCard" */;
			buildPhases = (
				0A1FB2BE1F4415A80041AC10 /* Sources */,
				0A1FB2BF1F4415A80041AC10 /* Frameworks */,
				0A1FB2C01F4415A80041AC10 /* Resources */,
			);
			buildRules = (
			);
			dependencies = (
			);
			name = SuperCard;
			productName = SuperCard;
			productReference = 0A1FB2C21F4415A80041AC10 /* SuperCard.app */;
			productType = "com.apple.product-type.application";
		};
		0A1FB2DA1F4415A80041AC10 /* SuperCardTests */ = {
			isa = PBXNativeTarget;
			buildConfigurationList = 0A1FB2F21F4415A80041AC10 /* Build configuration list for PBXNativeTarget "SuperCardTests" */;
			buildPhases = (
				0A1FB2D71F4415A80041AC10 /* Sources */,
				0A1FB2D81F4415A80041AC10 /* Frameworks */,
				0A1FB2D91F4415A80041AC10 /* Resources */,
			);
			buildRules = (
			);
			dependencies = (
				0A1FB2DD1F4415A80041AC10 /* PBXTargetDependency */,
			);
			name = SuperCardTests;
			productName = SuperCardTests;
			productReference = 0A1FB2DB1F4415A80041AC10 /* SuperCardTests.xctest */;
			productType = "com.apple.product-type.bundle.unit-test";
		};
		0A1FB2E51F4415A80041AC10 /* SuperCardUITests */ = {
			isa = PBXNativeTarget;
			buildConfigurationList = 0A1FB2F51F4415A80041AC10 /* Build configuration list for PBXNativeTarget "SuperCardUITests" */;
			buildPhases = (
				0A1FB2E21F4415A80041AC10 /* Sources */,
				0A1FB2E31F4415A80041AC10 /* Frameworks */,
				0A1FB2E41F4415A80041AC10 /* Resources */,
			);
			buildRules = (
			);
			dependencies = (
				0A1FB2E81F4415A80041AC10 /* PBXTargetDependency */,
			);
			name = SuperCardUITests;
			productName = SuperCardUITests;
			productReference = 0A1FB2E61F4415A80041AC10 /* SuperCardUITests.xctest */;
			productType = "com.apple.product-type.bundle.ui-testing";
		};
/* End PBXNativeTarget section */

/* Begin PBXProject section */
		0A1FB2BA1F4415A80041AC10 /* Project object */ = {
			isa = PBXProject;
			attributes = {
				LastUpgradeCheck = 0830;
				ORGANIZATIONNAME = nitesh.vi;
				TargetAttributes = {
					0A1FB2C11F4415A80041AC10 = {
						CreatedOnToolsVersion = 8.3.3;
						ProvisioningStyle = Automatic;
					};
					0A1FB2DA1F4415A80041AC10 = {
						CreatedOnToolsVersion = 8.3.3;
						ProvisioningStyle = Automatic;
						TestTargetID = 0A1FB2C11F4415A80041AC10;
					};
					0A1FB2E51F4415A80041AC10 = {
						CreatedOnToolsVersion = 8.3.3;
						ProvisioningStyle = Automatic;
						TestTargetID = 0A1FB2C11F4415A80041AC10;
					};
				};
			};
			buildConfigurationList = 0A1FB2BD1F4415A80041AC10 /* Build configuration list for PBXProject "SuperCard" */;
			compatibilityVersion = "Xcode 3.2";
			developmentRegion = English;
			hasScannedForEncodings = 0;
			knownRegions = (
				en,
				Base,
			);
			mainGroup = 0A1FB2B91F4415A80041AC10;
			productRefGroup = 0A1FB2C31F4415A80041AC10 /* Products */;
			projectDirPath = "";
			projectRoot = "";
			targets = (
				0A1FB2C11F4415A80041AC10 /* SuperCard */,
				0A1FB2DA1F4415A80041AC10 /* SuperCardTests */,
				0A1FB2E51F4415A80041AC10 /* SuperCardUITests */,
			);
		};
/* End PBXProject section */

/* Begin PBXResourcesBuildPhase section */
		0A1FB2C01F4415A80041AC10 /* Resources */ = {
			isa = PBXResourcesBuildPhase;
			buildActionMask = 2147483647;
			files = (
				0A1FB2D51F4415A80041AC10 /* LaunchScreen.storyboard in Resources */,
				0A1FB2D21F4415A80041AC10 /* Assets.xcassets in Resources */,
				0A1FB2D01F4415A80041AC10 /* Main.storyboard in Resources */,
			);
			runOnlyForDeploymentPostprocessing = 0;
		};
		0A1FB2D91F4415A80041AC10 /* Resources */ = {
			isa = PBXResourcesBuildPhase;
			buildActionMask = 2147483647;
			files = (
			);
			runOnlyForDeploymentPostprocessing = 0;
		};
		0A1FB2E41F4415A80041AC10 /* Resources */ = {
			isa = PBXResourcesBuildPhase;
			buildActionMask = 2147483647;
			files = (
			);
			runOnlyForDeploymentPostprocessing = 0;
		};
/* End PBXResourcesBuildPhase section */

/* Begin PBXSourcesBuildPhase section */
		0A1FB2BE1F4415A80041AC10 /* Sources */ = {
			isa = PBXSourcesBuildPhase;
			buildActionMask = 2147483647;
			files = (
				0A1FB2CD1F4415A80041AC10 /* ViewController.m in Sources */,
				0A1FB2CA1F4415A80041AC10 /* AppDelegate.m in Sources */,
				0A1FB2C71F4415A80041AC10 /* main.m in Sources */,
			);
			runOnlyForDeploymentPostprocessing = 0;
		};
		0A1FB2D71F4415A80041AC10 /* Sources */ = {
			isa = PBXSourcesBuildPhase;
			buildActionMask = 2147483647;
			files = (
				0A1FB2E01F4415A80041AC10 /* SuperCardTests.m in Sources */,
			);
			runOnlyForDeploymentPostprocessing = 0;
		};
		0A1FB2E21F4415A80041AC10 /* Sources */ = {
			isa = PBXSourcesBuildPhase;
			buildActionMask = 2147483647;
			files = (
				0A1FB2EB1F4415A80041AC10 /* SuperCardUITests.m in Sources */,
			);
			runOnlyForDeploymentPostprocessing = 0;
		};
/* End PBXSourcesBuildPhase section */

/* Begin PBXTargetDependency section */
		0A1FB2DD1F4415A80041AC10 /* PBXTargetDependency */ = {
			isa = PBXTargetDependency;
			target = 0A1FB2C11F4415A80041AC10 /* SuperCard */;
			targetProxy = 0A1FB2DC1F4415A80041AC10 /* PBXContainerItemProxy */;
		};
		0A1FB2E81F4415A80041AC10 /* PBXTargetDependency */ = {
			isa = PBXTargetDependency;
			target = 0A1FB2C11F4415A80041AC10 /* SuperCard */;
			targetProxy = 0A1FB2E71F4415A80041AC10 /* PBXContainerItemProxy */;
		};
/* End PBXTargetDependency section */

/* Begin PBXVariantGroup section */
		0A1FB2CE1F4415A80041AC10 /* Main.storyboard */ = {
			isa = PBXVariantGroup;
			children = (
				0A1FB2CF1F4415A80041AC10 /* Base */,
			);
			name = Main.storyboard;
			sourceTree = "<group>";
		};
		0A1FB2D31F4415A80041AC10 /* LaunchScreen.storyboard */ = {
			isa = PBXVariantGroup;
			children = (
				0A1FB2D41F4415A80041AC10 /* Base */,
			);
			name = LaunchScreen.storyboard;
			sourceTree = "<group>";
		};
/* End PBXVariantGroup section */

/* Begin XCBuildConfiguration section */
		0A1FB2ED1F4415A80041AC10 /* Debug */ = {
			isa = XCBuildConfiguration;
			buildSettings = {
				ALWAYS_SEARCH_USER_PATHS = NO;
				CLANG_ANALYZER_NONNULL = YES;
				CLANG_ANALYZER_NUMBER_OBJECT_CONVERSION = YES_AGGRESSIVE;
				CLANG_CXX_LANGUAGE_STANDARD = "gnu++0x";
				CLANG_CXX_LIBRARY = "libc++";
				CLANG_ENABLE_MODULES = YES;
				CLANG_ENABLE_OBJC_ARC = YES;
				CLANG_WARN_BOOL_CONVERSION = YES;
				CLANG_WARN_CONSTANT_CONVERSION = YES;
				CLANG_WARN_DIRECT_OBJC_ISA_USAGE = YES_ERROR;
				CLANG_WARN_DOCUMENTATION_COMMENTS = YES;
				CLANG_WARN_EMPTY_BODY = YES;
				CLANG_WARN_ENUM_CONVERSION = YES;
				CLANG_WARN_INFINITE_RECURSION = YES;
				CLANG_WARN_INT_CONVERSION = YES;
				CLANG_WARN_OBJC_ROOT_CLASS = YES_ERROR;
				CLANG_WARN_SUSPICIOUS_MOVE = YES;
				CLANG_WARN_UNREACHABLE_CODE = YES;
				CLANG_WARN__DUPLICATE_METHOD_MATCH = YES;
				"CODE_SIGN_IDENTITY[sdk=iphoneos*]" = "iPhone Developer";
				COPY_PHASE_STRIP = NO;
				DEBUG_INFORMATION_FORMAT = dwarf;
				ENABLE_STRICT_OBJC_MSGSEND = YES;
				ENABLE_TESTABILITY = YES;
				GCC_C_LANGUAGE_STANDARD = gnu99;
				GCC_DYNAMIC_NO_PIC = NO;
				GCC_NO_COMMON_BLOCKS = YES;
				GCC_OPTIMIZATION_LEVEL = 0;
				GCC_PREPROCESSOR_DEFINITIONS = (
					"DEBUG=1",
					"$(inherited)",
				);
				GCC_WARN_64_TO_32_BIT_CONVERSION = YES;
				GCC_WARN_ABOUT_RETURN_TYPE = YES_ERROR;
				GCC_WARN_UNDECLARED_SELECTOR = YES;
				GCC_WARN_UNINITIALIZED_AUTOS = YES_AGGRESSIVE;
				GCC_WARN_UNUSED_FUNCTION = YES;
				GCC_WARN_UNUSED_VARIABLE = YES;
				IPHONEOS_DEPLOYMENT_TARGET = 10.3;
				MTL_ENABLE_DEBUG_INFO = YES;
				ONLY_ACTIVE_ARCH = YES;
				SDKROOT = iphoneos;
			};
			name = Debug;
		};
		0A1FB2EE1F4415A80041AC10 /* Release */ = {
			isa = XCBuildConfiguration;
			buildSettings = {
				ALWAYS_SEARCH_USER_PATHS = NO;
				CLANG_ANALYZER_NONNULL = YES;
				CLANG_ANALYZER_NUMBER_OBJECT_CONVERSION = YES_AGGRESSIVE;
				CLANG_CXX_LANGUAGE_STANDARD = "gnu++0x";
				CLANG_CXX_LIBRARY = "libc++";
				CLANG_ENABLE_MODULES = YES;
				CLANG_ENABLE_OBJC_ARC = YES;
				CLANG_WARN_BOOL_CONVERSION = YES;
				CLANG_WARN_CONSTANT_CONVERSION = YES;
				CLANG_WARN_DIRECT_OBJC_ISA_USAGE = YES_ERROR;
				CLANG_WARN_DOCUMENTATION_COMMENTS = YES;
				CLANG_WARN_EMPTY_BODY = YES;
				CLANG_WARN_ENUM_CONVERSION = YES;
				CLANG_WARN_INFINITE_RECURSION = YES;
				CLANG_WARN_INT_CONVERSION = YES;
				CLANG_WARN_OBJC_ROOT_CLASS = YES_ERROR;
				CLANG_WARN_SUSPICIOUS_MOVE = YES;
				CLANG_WARN_UNREACHABLE_CODE = YES;
				CLANG_WARN__DUPLICATE_METHOD_MATCH = YES;
				"CODE_SIGN_IDENTITY[sdk=iphoneos*]" = "iPhone Developer";
				COPY_PHASE_STRIP = NO;
				DEBUG_INFORMATION_FORMAT = "dwarf-with-dsym";
				ENABLE_NS_ASSERTIONS = NO;
				ENABLE_STRICT_OBJC_MSGSEND = YES;
				GCC_C_LANGUAGE_STANDARD = gnu99;
				GCC_NO_COMMON_BLOCKS = YES;
				GCC_WARN_64_TO_32_BIT_CONVERSION = YES;
				GCC_WARN_ABOUT_RETURN_TYPE = YES_ERROR;
				GCC_WARN_UNDECLARED_SELECTOR = YES;
				GCC_WARN_UNINITIALIZED_AUTOS = YES_AGGRESSIVE;
				GCC_WARN_UNUSED_FUNCTION = YES;
				GCC_WARN_UNUSED_VARIABLE = YES;
				IPHONEOS_DEPLOYMENT_TARGET = 10.3;
				MTL_ENABLE_DEBUG_INFO = NO;
				SDKROOT = iphoneos;
				VALIDATE_PRODUCT = YES;
			};
			name = Release;
		};
		0A1FB2F01F4415A80041AC10 /* Debug */ = {
			isa = XCBuildConfiguration;
			buildSettings = {
				ASSETCATALOG_COMPILER_APPICON_NAME = AppIcon;
				INFOPLIST_FILE = SuperCard/Info.plist;
				LD_RUNPATH_SEARCH_PATHS = "$(inherited) @executable_path/Frameworks";
				PRODUCT_BUNDLE_IDENTIFIER = com.flock.SuperCard;
				PRODUCT_NAME = "$(TARGET_NAME)";
			};
			name = Debug;
		};
		0A1FB2F11F4415A80041AC10 /* Release */ = {
			isa = XCBuildConfiguration;
			buildSettings = {
				ASSETCATALOG_COMPILER_APPICON_NAME = AppIcon;
				INFOPLIST_FILE = SuperCard/Info.plist;
				LD_RUNPATH_SEARCH_PATHS = "$(inherited) @executable_path/Frameworks";
				PRODUCT_BUNDLE_IDENTIFIER = com.flock.SuperCard;
				PRODUCT_NAME = "$(TARGET_NAME)";
			};
			name = Release;
		};
		0A1FB2F31F4415A80041AC10 /* Debug */ = {
			isa = XCBuildConfiguration;
			buildSettings = {
				BUNDLE_LOADER = "$(TEST_HOST)";
				INFOPLIST_FILE = SuperCardTests/Info.plist;
				LD_RUNPATH_SEARCH_PATHS = "$(inherited) @executable_path/Frameworks @loader_path/Frameworks";
				PRODUCT_BUNDLE_IDENTIFIER = com.flock.SuperCardTests;
				PRODUCT_NAME = "$(TARGET_NAME)";
				TEST_HOST = "$(BUILT_PRODUCTS_DIR)/SuperCard.app/SuperCard";
			};
			name = Debug;
		};
		0A1FB2F41F4415A80041AC10 /* Release */ = {
			isa = XCBuildConfiguration;
			buildSettings = {
				BUNDLE_LOADER = "$(TEST_HOST)";
				INFOPLIST_FILE = SuperCardTests/Info.plist;
				LD_RUNPATH_SEARCH_PATHS = "$(inherited) @executable_path/Frameworks @loader_path/Frameworks";
				PRODUCT_BUNDLE_IDENTIFIER = com.flock.SuperCardTests;
				PRODUCT_NAME = "$(TARGET_NAME)";
				TEST_HOST = "$(BUILT_PRODUCTS_DIR)/SuperCard.app/SuperCard";
			};
			name = Release;
		};
		0A1FB2F61F4415A80041AC10 /* Debug */ = {
			isa = XCBuildConfiguration;
			buildSettings = {
				INFOPLIST_FILE = SuperCardUITests/Info.plist;
				LD_RUNPATH_SEARCH_PATHS = "$(inherited) @executable_path/Frameworks @loader_path/Frameworks";
				PRODUCT_BUNDLE_IDENTIFIER = com.flock.SuperCardUITests;
				PRODUCT_NAME = "$(TARGET_NAME)";
				TEST_TARGET_NAME = SuperCard;
			};
			name = Debug;
		};
		0A1FB2F71F4415A80041AC10 /* Release */ = {
			isa = XCBuildConfiguration;
			buildSettings = {
				INFOPLIST_FILE = SuperCardUITests/Info.plist;
				LD_RUNPATH_SEARCH_PATHS = "$(inherited) @executable_path/Frameworks @loader_path/Frameworks";
				PRODUCT_BUNDLE_IDENTIFIER = com.flock.SuperCardUITests;
				PRODUCT_NAME = "$(TARGET_NAME)";
				TEST_TARGET_NAME = SuperCard;
			};
			name = Release;
		};
/* End XCBuildConfiguration section */

/* Begin XCConfigurationList section */
		0A1FB2BD1F4415A80041AC10 /* Build configuration list for PBXProject "SuperCard" */ = {
			isa = XCConfigurationList;
			buildConfigurations = (
				0A1FB2ED1F4415A80041AC10 /* Debug */,
				0A1FB2EE1F4415A80041AC10 /* Release */,
			);
			defaultConfigurationIsVisible = 0;
			defaultConfigurationName = Release;
		};
		0A1FB2EF1F4415A80041AC10 /* Build configuration list for PBXNativeTarget "SuperCard" */ = {
			isa = XCConfigurationList;
			buildConfigurations = (
				0A1FB2F01F4415A80041AC10 /* Debug */,
				0A1FB2F11F4415A80041AC10 /* Release */,
			);
			defaultConfigurationIsVisible = 0;
		};
		0A1FB2F21F4415A80041AC10 /* Build configuration list for PBXNativeTarget "SuperCardTests" */ = {
			isa = XCConfigurationList;
			buildConfigurations = (
				0A1FB2F31F4415A80041AC10 /* Debug */,
				0A1FB2F41F4415A80041AC10 /* Release */,
			);
			defaultConfigurationIsVisible = 0;
		};
		0A1FB2F51F4415A80041AC10 /* Build configuration list for PBXNativeTarget "SuperCardUITests" */ = {
			isa = XCConfigurationList;
			buildConfigurations = (
				0A1FB2F61F4415A80041AC10 /* Debug */,
				0A1FB2F71F4415A80041AC10 /* Release */,
			);
			defaultConfigurationIsVisible = 0;
		};
/* End XCConfigurationList section */
	};
	rootObject = 0A1FB2BA1F4415A80041AC10 /* Project object */;
}
